// !$*UTF8*$!
{
	archiveVersion = 1;
	classes = {
	};
	objectVersion = 46;
	objects = {

/* Begin PBXBuildFile section */
		2E230C2B18F37A5B006C509F /* dog_photo.jpg in Resources */ = {isa = PBXBuildFile; fileRef = 2E230C2A18F37A5B006C509F /* dog_photo.jpg */; };
		2E230C3118F3A1A9006C509F /* UIImage+ResizeAdditions.m in Sources */ = {isa = PBXBuildFile; fileRef = 2E230C3018F3A1A9006C509F /* UIImage+ResizeAdditions.m */; };
		2E230C3618F3AA71006C509F /* UIImage+AlphaAdditions.m in Sources */ = {isa = PBXBuildFile; fileRef = 2E230C3318F3AA71006C509F /* UIImage+AlphaAdditions.m */; };
		2E230C3718F3AA71006C509F /* UIImage+RoundedCornerAdditions.m in Sources */ = {isa = PBXBuildFile; fileRef = 2E230C3518F3AA71006C509F /* UIImage+RoundedCornerAdditions.m */; };
		2E28DFCC18F2CAF3005841AF /* ILDPhotoWriteCaptionViewController.m in Sources */ = {isa = PBXBuildFile; fileRef = 2E28DFCA18F2CAF3005841AF /* ILDPhotoWriteCaptionViewController.m */; };
		2E28DFCD18F2CAF3005841AF /* ILDPhotoWriteCaptionViewController.xib in Resources */ = {isa = PBXBuildFile; fileRef = 2E28DFCB18F2CAF3005841AF /* ILDPhotoWriteCaptionViewController.xib */; };
		2E36DBDD18ECEDF9001A85DF /* BaseTableViewCell.m in Sources */ = {isa = PBXBuildFile; fileRef = 2E36DBDC18ECEDF9001A85DF /* BaseTableViewCell.m */; };
		2E36DBEB18ECFAF9001A85DF /* anonymousUser.png in Resources */ = {isa = PBXBuildFile; fileRef = 2E36DBE918ECFAF9001A85DF /* anonymousUser.png */; };
		2E36DBEC18ECFAF9001A85DF /* anonymousUser@2x.png in Resources */ = {isa = PBXBuildFile; fileRef = 2E36DBEA18ECFAF9001A85DF /* anonymousUser@2x.png */; };
		2E36DBF218ED0C64001A85DF /* ILDDogViewCell.m in Sources */ = {isa = PBXBuildFile; fileRef = 2E36DBF018ED0C64001A85DF /* ILDDogViewCell.m */; };
		2E36DBF318ED0C64001A85DF /* ILDDogViewCell.xib in Resources */ = {isa = PBXBuildFile; fileRef = 2E36DBF118ED0C64001A85DF /* ILDDogViewCell.xib */; };
		2E36DBFC18ED4684001A85DF /* ILDExploreRootViewController.m in Sources */ = {isa = PBXBuildFile; fileRef = 2E36DBFA18ED4684001A85DF /* ILDExploreRootViewController.m */; };
		2E36DBFD18ED4684001A85DF /* ILDExploreRootViewController.xib in Resources */ = {isa = PBXBuildFile; fileRef = 2E36DBFB18ED4684001A85DF /* ILDExploreRootViewController.xib */; };
		2E36DC0418ED479C001A85DF /* ILDNotificaionRootViewController.m in Sources */ = {isa = PBXBuildFile; fileRef = 2E36DC0218ED479C001A85DF /* ILDNotificaionRootViewController.m */; };
		2E36DC0518ED479C001A85DF /* ILDNotificaionRootViewController.xib in Resources */ = {isa = PBXBuildFile; fileRef = 2E36DC0318ED479C001A85DF /* ILDNotificaionRootViewController.xib */; };
		2E36DC0F18ED4CFB001A85DF /* libz.dylib in Frameworks */ = {isa = PBXBuildFile; fileRef = 2E36DC0E18ED4CFB001A85DF /* libz.dylib */; };
		2E36DC2E18ED6A5A001A85DF /* bt_facebook_normal.png in Resources */ = {isa = PBXBuildFile; fileRef = 2E36DC2A18ED6A5A001A85DF /* bt_facebook_normal.png */; };
		2E36DC2F18ED6A5A001A85DF /* bt_facebook_normal@2x.png in Resources */ = {isa = PBXBuildFile; fileRef = 2E36DC2B18ED6A5A001A85DF /* bt_facebook_normal@2x.png */; };
		2E36DC3018ED6A5A001A85DF /* bt_facebook_onpress.png in Resources */ = {isa = PBXBuildFile; fileRef = 2E36DC2C18ED6A5A001A85DF /* bt_facebook_onpress.png */; };
		2E36DC3118ED6A5A001A85DF /* bt_facebook_onpress@2x.png in Resources */ = {isa = PBXBuildFile; fileRef = 2E36DC2D18ED6A5A001A85DF /* bt_facebook_onpress@2x.png */; };
		2E3BE5EA18EE414D001E4EAA /* ILDLoginViewController.m in Sources */ = {isa = PBXBuildFile; fileRef = 2E3BE5E818EE414D001E4EAA /* ILDLoginViewController.m */; };
		2E3BE5EB18EE414D001E4EAA /* ILDLoginViewController.xib in Resources */ = {isa = PBXBuildFile; fileRef = 2E3BE5E918EE414D001E4EAA /* ILDLoginViewController.xib */; };
		2E3BE5F218EE4CD8001E4EAA /* background_login@2x.png in Resources */ = {isa = PBXBuildFile; fileRef = 2E3BE5F018EE4CD8001E4EAA /* background_login@2x.png */; };
		2E3BE5F318EE4CD8001E4EAA /* background_login.png in Resources */ = {isa = PBXBuildFile; fileRef = 2E3BE5F118EE4CD8001E4EAA /* background_login.png */; };
		2E3BE5F818EE5393001E4EAA /* Default-568h@2x.png in Resources */ = {isa = PBXBuildFile; fileRef = 2E3BE5F518EE5393001E4EAA /* Default-568h@2x.png */; };
		2E3BE5F918EE5393001E4EAA /* Default.png in Resources */ = {isa = PBXBuildFile; fileRef = 2E3BE5F618EE5393001E4EAA /* Default.png */; };
		2E3BE5FA18EE5393001E4EAA /* Default@2x.png in Resources */ = {isa = PBXBuildFile; fileRef = 2E3BE5F718EE5393001E4EAA /* Default@2x.png */; };
		2E3BE5FF18EE689D001E4EAA /* AppIcon57x57.png in Resources */ = {isa = PBXBuildFile; fileRef = 2E3BE5FC18EE689D001E4EAA /* AppIcon57x57.png */; };
		2E3BE60018EE689D001E4EAA /* AppIcon57x57@2x.png in Resources */ = {isa = PBXBuildFile; fileRef = 2E3BE5FD18EE689D001E4EAA /* AppIcon57x57@2x.png */; };
		2E3BE60118EE689D001E4EAA /* AppIcon60x60@2x.png in Resources */ = {isa = PBXBuildFile; fileRef = 2E3BE5FE18EE689D001E4EAA /* AppIcon60x60@2x.png */; };
		2E3BE60918EEC6A1001E4EAA /* ILDRootViewController.m in Sources */ = {isa = PBXBuildFile; fileRef = 2E3BE60818EEC6A1001E4EAA /* ILDRootViewController.m */; };
		2E65618518EBB253000CF4DA /* Foundation.framework in Frameworks */ = {isa = PBXBuildFile; fileRef = 2E65618418EBB253000CF4DA /* Foundation.framework */; };
		2E65618918EBB253000CF4DA /* UIKit.framework in Frameworks */ = {isa = PBXBuildFile; fileRef = 2E65618818EBB253000CF4DA /* UIKit.framework */; };
		2E65618F18EBB253000CF4DA /* InfoPlist.strings in Resources */ = {isa = PBXBuildFile; fileRef = 2E65618D18EBB253000CF4DA /* InfoPlist.strings */; };
		2E65619118EBB253000CF4DA /* main.m in Sources */ = {isa = PBXBuildFile; fileRef = 2E65619018EBB253000CF4DA /* main.m */; };
		2E65619518EBB253000CF4DA /* ILDAppDelegate.m in Sources */ = {isa = PBXBuildFile; fileRef = 2E65619418EBB253000CF4DA /* ILDAppDelegate.m */; };
		2E65619D18EBB253000CF4DA /* Images.xcassets in Resources */ = {isa = PBXBuildFile; fileRef = 2E65619C18EBB253000CF4DA /* Images.xcassets */; };
		2E6561A418EBB253000CF4DA /* XCTest.framework in Frameworks */ = {isa = PBXBuildFile; fileRef = 2E6561A318EBB253000CF4DA /* XCTest.framework */; };
		2E6561A518EBB253000CF4DA /* Foundation.framework in Frameworks */ = {isa = PBXBuildFile; fileRef = 2E65618418EBB253000CF4DA /* Foundation.framework */; };
		2E6561A618EBB253000CF4DA /* UIKit.framework in Frameworks */ = {isa = PBXBuildFile; fileRef = 2E65618818EBB253000CF4DA /* UIKit.framework */; };
		2E6561AE18EBB253000CF4DA /* InfoPlist.strings in Resources */ = {isa = PBXBuildFile; fileRef = 2E6561AC18EBB253000CF4DA /* InfoPlist.strings */; };
		2E6561B018EBB253000CF4DA /* ILoveDogTests.m in Sources */ = {isa = PBXBuildFile; fileRef = 2E6561AF18EBB253000CF4DA /* ILoveDogTests.m */; };
		2E6561D518EBB7C5000CF4DA /* ILDHomeRootViewController.m in Sources */ = {isa = PBXBuildFile; fileRef = 2E6561D318EBB7C5000CF4DA /* ILDHomeRootViewController.m */; };
		2E6561D618EBB7C5000CF4DA /* ILDHomeRootViewController.xib in Resources */ = {isa = PBXBuildFile; fileRef = 2E6561D418EBB7C5000CF4DA /* ILDHomeRootViewController.xib */; };
		2E6561D918EBB90B000CF4DA /* BaseViewController.m in Sources */ = {isa = PBXBuildFile; fileRef = 2E6561D818EBB90B000CF4DA /* BaseViewController.m */; };
		2E6561EA18EBBE2E000CF4DA /* ILDProfileRootViewController.m in Sources */ = {isa = PBXBuildFile; fileRef = 2E6561E818EBBE2E000CF4DA /* ILDProfileRootViewController.m */; };
		2E65624218EC19F2000CF4DA /* home_tabbar@2x.png in Resources */ = {isa = PBXBuildFile; fileRef = 2E65623C18EC19F2000CF4DA /* home_tabbar@2x.png */; };
		2E65624318EC19F2000CF4DA /* post_tabbar.png in Resources */ = {isa = PBXBuildFile; fileRef = 2E65623D18EC19F2000CF4DA /* post_tabbar.png */; };
		2E65624418EC19F2000CF4DA /* post_tabbar@2x.png in Resources */ = {isa = PBXBuildFile; fileRef = 2E65623E18EC19F2000CF4DA /* post_tabbar@2x.png */; };
		2E65624518EC19F2000CF4DA /* home_tabbar_active.png in Resources */ = {isa = PBXBuildFile; fileRef = 2E65623F18EC19F2000CF4DA /* home_tabbar_active.png */; };
		2E65624618EC19F2000CF4DA /* home_tabbar_active@2x.png in Resources */ = {isa = PBXBuildFile; fileRef = 2E65624018EC19F2000CF4DA /* home_tabbar_active@2x.png */; };
		2E65624718EC19F2000CF4DA /* home_tabbar.png in Resources */ = {isa = PBXBuildFile; fileRef = 2E65624118EC19F2000CF4DA /* home_tabbar.png */; };
		2E65624A18EC1BC4000CF4DA /* tabbar.png in Resources */ = {isa = PBXBuildFile; fileRef = 2E65624818EC1BC4000CF4DA /* tabbar.png */; };
		2E65624B18EC1BC4000CF4DA /* tabbar@2x.png in Resources */ = {isa = PBXBuildFile; fileRef = 2E65624918EC1BC4000CF4DA /* tabbar@2x.png */; };
		2E65624D18EC1D1C000CF4DA /* navi_bar_full.png in Resources */ = {isa = PBXBuildFile; fileRef = 2E65624C18EC1D1C000CF4DA /* navi_bar_full.png */; };
		55CE2855344D4B28843B4B21 /* libPods.a in Frameworks */ = {isa = PBXBuildFile; fileRef = 853A739FA735453095AFB856 /* libPods.a */; };
		E5C1132C18EC462B0084E3F9 /* ILDProfileRootViewController.xib in Resources */ = {isa = PBXBuildFile; fileRef = E5C1132B18EC462B0084E3F9 /* ILDProfileRootViewController.xib */; };
		E5C1133E18EC5CAA0084E3F9 /* ILDListLikersViewController.m in Sources */ = {isa = PBXBuildFile; fileRef = E5C1133C18EC5CAA0084E3F9 /* ILDListLikersViewController.m */; };
		E5C1133F18EC5CAA0084E3F9 /* ILDListLikersViewController.xib in Resources */ = {isa = PBXBuildFile; fileRef = E5C1133D18EC5CAA0084E3F9 /* ILDListLikersViewController.xib */; };
/* End PBXBuildFile section */

/* Begin PBXContainerItemProxy section */
		2E6561A718EBB253000CF4DA /* PBXContainerItemProxy */ = {
			isa = PBXContainerItemProxy;
			containerPortal = 2E65617918EBB252000CF4DA /* Project object */;
			proxyType = 1;
			remoteGlobalIDString = 2E65618018EBB253000CF4DA;
			remoteInfo = ILoveDog;
		};
/* End PBXContainerItemProxy section */

/* Begin PBXFileReference section */
		2E230C2A18F37A5B006C509F /* dog_photo.jpg */ = {isa = PBXFileReference; lastKnownFileType = image.jpeg; path = dog_photo.jpg; sourceTree = "<group>"; };
		2E230C2F18F3A1A9006C509F /* UIImage+ResizeAdditions.h */ = {isa = PBXFileReference; fileEncoding = 4; lastKnownFileType = sourcecode.c.h; path = "UIImage+ResizeAdditions.h"; sourceTree = "<group>"; };
		2E230C3018F3A1A9006C509F /* UIImage+ResizeAdditions.m */ = {isa = PBXFileReference; fileEncoding = 4; lastKnownFileType = sourcecode.c.objc; path = "UIImage+ResizeAdditions.m"; sourceTree = "<group>"; };
		2E230C3218F3AA71006C509F /* UIImage+AlphaAdditions.h */ = {isa = PBXFileReference; fileEncoding = 4; lastKnownFileType = sourcecode.c.h; path = "UIImage+AlphaAdditions.h"; sourceTree = "<group>"; };
		2E230C3318F3AA71006C509F /* UIImage+AlphaAdditions.m */ = {isa = PBXFileReference; fileEncoding = 4; lastKnownFileType = sourcecode.c.objc; path = "UIImage+AlphaAdditions.m"; sourceTree = "<group>"; };
		2E230C3418F3AA71006C509F /* UIImage+RoundedCornerAdditions.h */ = {isa = PBXFileReference; fileEncoding = 4; lastKnownFileType = sourcecode.c.h; path = "UIImage+RoundedCornerAdditions.h"; sourceTree = "<group>"; };
		2E230C3518F3AA71006C509F /* UIImage+RoundedCornerAdditions.m */ = {isa = PBXFileReference; fileEncoding = 4; lastKnownFileType = sourcecode.c.objc; path = "UIImage+RoundedCornerAdditions.m"; sourceTree = "<group>"; };
		2E28DFC918F2CAF3005841AF /* ILDPhotoWriteCaptionViewController.h */ = {isa = PBXFileReference; fileEncoding = 4; lastKnownFileType = sourcecode.c.h; path = ILDPhotoWriteCaptionViewController.h; sourceTree = "<group>"; };
		2E28DFCA18F2CAF3005841AF /* ILDPhotoWriteCaptionViewController.m */ = {isa = PBXFileReference; fileEncoding = 4; lastKnownFileType = sourcecode.c.objc; path = ILDPhotoWriteCaptionViewController.m; sourceTree = "<group>"; };
		2E28DFCB18F2CAF3005841AF /* ILDPhotoWriteCaptionViewController.xib */ = {isa = PBXFileReference; fileEncoding = 4; lastKnownFileType = file.xib; path = ILDPhotoWriteCaptionViewController.xib; sourceTree = "<group>"; };
		2E36DBDB18ECEDF9001A85DF /* BaseTableViewCell.h */ = {isa = PBXFileReference; fileEncoding = 4; lastKnownFileType = sourcecode.c.h; path = BaseTableViewCell.h; sourceTree = "<group>"; };
		2E36DBDC18ECEDF9001A85DF /* BaseTableViewCell.m */ = {isa = PBXFileReference; fileEncoding = 4; lastKnownFileType = sourcecode.c.objc; path = BaseTableViewCell.m; sourceTree = "<group>"; };
		2E36DBE918ECFAF9001A85DF /* anonymousUser.png */ = {isa = PBXFileReference; lastKnownFileType = image.png; path = anonymousUser.png; sourceTree = "<group>"; };
		2E36DBEA18ECFAF9001A85DF /* anonymousUser@2x.png */ = {isa = PBXFileReference; lastKnownFileType = image.png; path = "anonymousUser@2x.png"; sourceTree = "<group>"; };
		2E36DBEF18ED0C64001A85DF /* ILDDogViewCell.h */ = {isa = PBXFileReference; fileEncoding = 4; lastKnownFileType = sourcecode.c.h; path = ILDDogViewCell.h; sourceTree = "<group>"; };
		2E36DBF018ED0C64001A85DF /* ILDDogViewCell.m */ = {isa = PBXFileReference; fileEncoding = 4; lastKnownFileType = sourcecode.c.objc; path = ILDDogViewCell.m; sourceTree = "<group>"; };
		2E36DBF118ED0C64001A85DF /* ILDDogViewCell.xib */ = {isa = PBXFileReference; fileEncoding = 4; lastKnownFileType = file.xib; path = ILDDogViewCell.xib; sourceTree = "<group>"; };
		2E36DBF918ED4684001A85DF /* ILDExploreRootViewController.h */ = {isa = PBXFileReference; fileEncoding = 4; lastKnownFileType = sourcecode.c.h; path = ILDExploreRootViewController.h; sourceTree = "<group>"; };
		2E36DBFA18ED4684001A85DF /* ILDExploreRootViewController.m */ = {isa = PBXFileReference; fileEncoding = 4; lastKnownFileType = sourcecode.c.objc; path = ILDExploreRootViewController.m; sourceTree = "<group>"; };
		2E36DBFB18ED4684001A85DF /* ILDExploreRootViewController.xib */ = {isa = PBXFileReference; fileEncoding = 4; lastKnownFileType = file.xib; path = ILDExploreRootViewController.xib; sourceTree = "<group>"; };
		2E36DC0118ED479C001A85DF /* ILDNotificaionRootViewController.h */ = {isa = PBXFileReference; fileEncoding = 4; lastKnownFileType = sourcecode.c.h; path = ILDNotificaionRootViewController.h; sourceTree = "<group>"; };
		2E36DC0218ED479C001A85DF /* ILDNotificaionRootViewController.m */ = {isa = PBXFileReference; fileEncoding = 4; lastKnownFileType = sourcecode.c.objc; path = ILDNotificaionRootViewController.m; sourceTree = "<group>"; };
		2E36DC0318ED479C001A85DF /* ILDNotificaionRootViewController.xib */ = {isa = PBXFileReference; fileEncoding = 4; lastKnownFileType = file.xib; path = ILDNotificaionRootViewController.xib; sourceTree = "<group>"; };
		2E36DC0E18ED4CFB001A85DF /* libz.dylib */ = {isa = PBXFileReference; lastKnownFileType = "compiled.mach-o.dylib"; name = libz.dylib; path = usr/lib/libz.dylib; sourceTree = SDKROOT; };
		2E36DC2A18ED6A5A001A85DF /* bt_facebook_normal.png */ = {isa = PBXFileReference; lastKnownFileType = image.png; path = bt_facebook_normal.png; sourceTree = "<group>"; };
		2E36DC2B18ED6A5A001A85DF /* bt_facebook_normal@2x.png */ = {isa = PBXFileReference; lastKnownFileType = image.png; path = "bt_facebook_normal@2x.png"; sourceTree = "<group>"; };
		2E36DC2C18ED6A5A001A85DF /* bt_facebook_onpress.png */ = {isa = PBXFileReference; lastKnownFileType = image.png; path = bt_facebook_onpress.png; sourceTree = "<group>"; };
		2E36DC2D18ED6A5A001A85DF /* bt_facebook_onpress@2x.png */ = {isa = PBXFileReference; lastKnownFileType = image.png; path = "bt_facebook_onpress@2x.png"; sourceTree = "<group>"; };
		2E3BE5E718EE414D001E4EAA /* ILDLoginViewController.h */ = {isa = PBXFileReference; fileEncoding = 4; lastKnownFileType = sourcecode.c.h; path = ILDLoginViewController.h; sourceTree = "<group>"; };
		2E3BE5E818EE414D001E4EAA /* ILDLoginViewController.m */ = {isa = PBXFileReference; fileEncoding = 4; lastKnownFileType = sourcecode.c.objc; path = ILDLoginViewController.m; sourceTree = "<group>"; };
		2E3BE5E918EE414D001E4EAA /* ILDLoginViewController.xib */ = {isa = PBXFileReference; fileEncoding = 4; lastKnownFileType = file.xib; path = ILDLoginViewController.xib; sourceTree = "<group>"; };
		2E3BE5F018EE4CD8001E4EAA /* background_login@2x.png */ = {isa = PBXFileReference; lastKnownFileType = image.png; path = "background_login@2x.png"; sourceTree = "<group>"; };
		2E3BE5F118EE4CD8001E4EAA /* background_login.png */ = {isa = PBXFileReference; lastKnownFileType = image.png; path = background_login.png; sourceTree = "<group>"; };
		2E3BE5F518EE5393001E4EAA /* Default-568h@2x.png */ = {isa = PBXFileReference; lastKnownFileType = image.png; path = "Default-568h@2x.png"; sourceTree = "<group>"; };
		2E3BE5F618EE5393001E4EAA /* Default.png */ = {isa = PBXFileReference; lastKnownFileType = image.png; path = Default.png; sourceTree = "<group>"; };
		2E3BE5F718EE5393001E4EAA /* Default@2x.png */ = {isa = PBXFileReference; lastKnownFileType = image.png; path = "Default@2x.png"; sourceTree = "<group>"; };
		2E3BE5FC18EE689D001E4EAA /* AppIcon57x57.png */ = {isa = PBXFileReference; lastKnownFileType = image.png; path = AppIcon57x57.png; sourceTree = "<group>"; };
		2E3BE5FD18EE689D001E4EAA /* AppIcon57x57@2x.png */ = {isa = PBXFileReference; lastKnownFileType = image.png; path = "AppIcon57x57@2x.png"; sourceTree = "<group>"; };
		2E3BE5FE18EE689D001E4EAA /* AppIcon60x60@2x.png */ = {isa = PBXFileReference; lastKnownFileType = image.png; path = "AppIcon60x60@2x.png"; sourceTree = "<group>"; };
		2E3BE60718EEC6A1001E4EAA /* ILDRootViewController.h */ = {isa = PBXFileReference; fileEncoding = 4; lastKnownFileType = sourcecode.c.h; path = ILDRootViewController.h; sourceTree = "<group>"; };
		2E3BE60818EEC6A1001E4EAA /* ILDRootViewController.m */ = {isa = PBXFileReference; fileEncoding = 4; lastKnownFileType = sourcecode.c.objc; path = ILDRootViewController.m; sourceTree = "<group>"; };
		2E65618118EBB253000CF4DA /* ILoveDogs.app */ = {isa = PBXFileReference; explicitFileType = wrapper.application; includeInIndex = 0; path = ILoveDogs.app; sourceTree = BUILT_PRODUCTS_DIR; };
		2E65618418EBB253000CF4DA /* Foundation.framework */ = {isa = PBXFileReference; lastKnownFileType = wrapper.framework; name = Foundation.framework; path = System/Library/Frameworks/Foundation.framework; sourceTree = SDKROOT; };
		2E65618818EBB253000CF4DA /* UIKit.framework */ = {isa = PBXFileReference; lastKnownFileType = wrapper.framework; name = UIKit.framework; path = System/Library/Frameworks/UIKit.framework; sourceTree = SDKROOT; };
		2E65618C18EBB253000CF4DA /* ILoveDog-Info.plist */ = {isa = PBXFileReference; lastKnownFileType = text.plist.xml; path = "ILoveDog-Info.plist"; sourceTree = "<group>"; };
		2E65618E18EBB253000CF4DA /* en */ = {isa = PBXFileReference; lastKnownFileType = text.plist.strings; name = en; path = en.lproj/InfoPlist.strings; sourceTree = "<group>"; };
		2E65619018EBB253000CF4DA /* main.m */ = {isa = PBXFileReference; lastKnownFileType = sourcecode.c.objc; path = main.m; sourceTree = "<group>"; };
		2E65619218EBB253000CF4DA /* ILoveDog-Prefix.pch */ = {isa = PBXFileReference; lastKnownFileType = sourcecode.c.h; path = "ILoveDog-Prefix.pch"; sourceTree = "<group>"; };
		2E65619318EBB253000CF4DA /* ILDAppDelegate.h */ = {isa = PBXFileReference; lastKnownFileType = sourcecode.c.h; path = ILDAppDelegate.h; sourceTree = "<group>"; };
		2E65619418EBB253000CF4DA /* ILDAppDelegate.m */ = {isa = PBXFileReference; lastKnownFileType = sourcecode.c.objc; path = ILDAppDelegate.m; sourceTree = "<group>"; };
		2E65619C18EBB253000CF4DA /* Images.xcassets */ = {isa = PBXFileReference; lastKnownFileType = folder.assetcatalog; path = Images.xcassets; sourceTree = "<group>"; };
		2E6561A218EBB253000CF4DA /* ILoveDogTests.xctest */ = {isa = PBXFileReference; explicitFileType = wrapper.cfbundle; includeInIndex = 0; path = ILoveDogTests.xctest; sourceTree = BUILT_PRODUCTS_DIR; };
		2E6561A318EBB253000CF4DA /* XCTest.framework */ = {isa = PBXFileReference; lastKnownFileType = wrapper.framework; name = XCTest.framework; path = Library/Frameworks/XCTest.framework; sourceTree = DEVELOPER_DIR; };
		2E6561AB18EBB253000CF4DA /* ILoveDogTests-Info.plist */ = {isa = PBXFileReference; lastKnownFileType = text.plist.xml; path = "ILoveDogTests-Info.plist"; sourceTree = "<group>"; };
		2E6561AD18EBB253000CF4DA /* en */ = {isa = PBXFileReference; lastKnownFileType = text.plist.strings; name = en; path = en.lproj/InfoPlist.strings; sourceTree = "<group>"; };
		2E6561AF18EBB253000CF4DA /* ILoveDogTests.m */ = {isa = PBXFileReference; lastKnownFileType = sourcecode.c.objc; path = ILoveDogTests.m; sourceTree = "<group>"; };
		2E6561D218EBB7C5000CF4DA /* ILDHomeRootViewController.h */ = {isa = PBXFileReference; fileEncoding = 4; lastKnownFileType = sourcecode.c.h; path = ILDHomeRootViewController.h; sourceTree = "<group>"; };
		2E6561D318EBB7C5000CF4DA /* ILDHomeRootViewController.m */ = {isa = PBXFileReference; fileEncoding = 4; lastKnownFileType = sourcecode.c.objc; path = ILDHomeRootViewController.m; sourceTree = "<group>"; };
		2E6561D418EBB7C5000CF4DA /* ILDHomeRootViewController.xib */ = {isa = PBXFileReference; fileEncoding = 4; lastKnownFileType = file.xib; path = ILDHomeRootViewController.xib; sourceTree = "<group>"; };
		2E6561D718EBB90B000CF4DA /* BaseViewController.h */ = {isa = PBXFileReference; fileEncoding = 4; lastKnownFileType = sourcecode.c.h; path = BaseViewController.h; sourceTree = "<group>"; };
		2E6561D818EBB90B000CF4DA /* BaseViewController.m */ = {isa = PBXFileReference; fileEncoding = 4; lastKnownFileType = sourcecode.c.objc; path = BaseViewController.m; sourceTree = "<group>"; };
		2E6561E718EBBE2E000CF4DA /* ILDProfileRootViewController.h */ = {isa = PBXFileReference; fileEncoding = 4; lastKnownFileType = sourcecode.c.h; path = ILDProfileRootViewController.h; sourceTree = "<group>"; };
		2E6561E818EBBE2E000CF4DA /* ILDProfileRootViewController.m */ = {isa = PBXFileReference; fileEncoding = 4; lastKnownFileType = sourcecode.c.objc; path = ILDProfileRootViewController.m; sourceTree = "<group>"; };
		2E65623C18EC19F2000CF4DA /* home_tabbar@2x.png */ = {isa = PBXFileReference; lastKnownFileType = image.png; path = "home_tabbar@2x.png"; sourceTree = "<group>"; };
		2E65623D18EC19F2000CF4DA /* post_tabbar.png */ = {isa = PBXFileReference; lastKnownFileType = image.png; path = post_tabbar.png; sourceTree = "<group>"; };
		2E65623E18EC19F2000CF4DA /* post_tabbar@2x.png */ = {isa = PBXFileReference; lastKnownFileType = image.png; path = "post_tabbar@2x.png"; sourceTree = "<group>"; };
		2E65623F18EC19F2000CF4DA /* home_tabbar_active.png */ = {isa = PBXFileReference; lastKnownFileType = image.png; path = home_tabbar_active.png; sourceTree = "<group>"; };
		2E65624018EC19F2000CF4DA /* home_tabbar_active@2x.png */ = {isa = PBXFileReference; lastKnownFileType = image.png; path = "home_tabbar_active@2x.png"; sourceTree = "<group>"; };
		2E65624118EC19F2000CF4DA /* home_tabbar.png */ = {isa = PBXFileReference; lastKnownFileType = image.png; path = home_tabbar.png; sourceTree = "<group>"; };
		2E65624818EC1BC4000CF4DA /* tabbar.png */ = {isa = PBXFileReference; lastKnownFileType = image.png; path = tabbar.png; sourceTree = "<group>"; };
		2E65624918EC1BC4000CF4DA /* tabbar@2x.png */ = {isa = PBXFileReference; lastKnownFileType = image.png; path = "tabbar@2x.png"; sourceTree = "<group>"; };
		2E65624C18EC1D1C000CF4DA /* navi_bar_full.png */ = {isa = PBXFileReference; lastKnownFileType = image.png; path = navi_bar_full.png; sourceTree = "<group>"; };
		44F4F2344EA341C79C44C9AE /* Pods.xcconfig */ = {isa = PBXFileReference; includeInIndex = 1; lastKnownFileType = text.xcconfig; name = Pods.xcconfig; path = Pods/Pods.xcconfig; sourceTree = "<group>"; };
		853A739FA735453095AFB856 /* libPods.a */ = {isa = PBXFileReference; explicitFileType = archive.ar; includeInIndex = 0; path = libPods.a; sourceTree = BUILT_PRODUCTS_DIR; };
		E5C1132B18EC462B0084E3F9 /* ILDProfileRootViewController.xib */ = {isa = PBXFileReference; fileEncoding = 4; lastKnownFileType = file.xib; path = ILDProfileRootViewController.xib; sourceTree = "<group>"; };
		E5C1133B18EC5CAA0084E3F9 /* ILDListLikersViewController.h */ = {isa = PBXFileReference; fileEncoding = 4; lastKnownFileType = sourcecode.c.h; path = ILDListLikersViewController.h; sourceTree = "<group>"; };
		E5C1133C18EC5CAA0084E3F9 /* ILDListLikersViewController.m */ = {isa = PBXFileReference; fileEncoding = 4; lastKnownFileType = sourcecode.c.objc; path = ILDListLikersViewController.m; sourceTree = "<group>"; };
		E5C1133D18EC5CAA0084E3F9 /* ILDListLikersViewController.xib */ = {isa = PBXFileReference; fileEncoding = 4; lastKnownFileType = file.xib; path = ILDListLikersViewController.xib; sourceTree = "<group>"; };
/* End PBXFileReference section */

/* Begin PBXFrameworksBuildPhase section */
		2E65617E18EBB253000CF4DA /* Frameworks */ = {
			isa = PBXFrameworksBuildPhase;
			buildActionMask = 2147483647;
			files = (
				2E36DC0F18ED4CFB001A85DF /* libz.dylib in Frameworks */,
				2E65618918EBB253000CF4DA /* UIKit.framework in Frameworks */,
				2E65618518EBB253000CF4DA /* Foundation.framework in Frameworks */,
				55CE2855344D4B28843B4B21 /* libPods.a in Frameworks */,
			);
			runOnlyForDeploymentPostprocessing = 0;
		};
		2E65619F18EBB253000CF4DA /* Frameworks */ = {
			isa = PBXFrameworksBuildPhase;
			buildActionMask = 2147483647;
			files = (
				2E6561A418EBB253000CF4DA /* XCTest.framework in Frameworks */,
				2E6561A618EBB253000CF4DA /* UIKit.framework in Frameworks */,
				2E6561A518EBB253000CF4DA /* Foundation.framework in Frameworks */,
			);
			runOnlyForDeploymentPostprocessing = 0;
		};
/* End PBXFrameworksBuildPhase section */

/* Begin PBXGroup section */
		2E230C2E18F3A191006C509F /* Categories */ = {
			isa = PBXGroup;
			children = (
				2E230C2F18F3A1A9006C509F /* UIImage+ResizeAdditions.h */,
				2E230C3018F3A1A9006C509F /* UIImage+ResizeAdditions.m */,
				2E230C3218F3AA71006C509F /* UIImage+AlphaAdditions.h */,
				2E230C3318F3AA71006C509F /* UIImage+AlphaAdditions.m */,
				2E230C3418F3AA71006C509F /* UIImage+RoundedCornerAdditions.h */,
				2E230C3518F3AA71006C509F /* UIImage+RoundedCornerAdditions.m */,
			);
			path = Categories;
			sourceTree = "<group>";
		};
		2E28DFC818F2CAC9005841AF /* Photo */ = {
			isa = PBXGroup;
			children = (
				2E28DFC918F2CAF3005841AF /* ILDPhotoWriteCaptionViewController.h */,
				2E28DFCA18F2CAF3005841AF /* ILDPhotoWriteCaptionViewController.m */,
				2E28DFCB18F2CAF3005841AF /* ILDPhotoWriteCaptionViewController.xib */,
			);
			path = Photo;
			sourceTree = "<group>";
		};
		2E36DBE418ECFAAA001A85DF /* Home */ = {
			isa = PBXGroup;
			children = (
				2E230C2A18F37A5B006C509F /* dog_photo.jpg */,
				2E36DBE918ECFAF9001A85DF /* anonymousUser.png */,
				2E36DBEA18ECFAF9001A85DF /* anonymousUser@2x.png */,
			);
			path = Home;
			sourceTree = "<group>";
		};
		2E36DBED18ED0C64001A85DF /* Views */ = {
			isa = PBXGroup;
			children = (
				2E36DBEE18ED0C64001A85DF /* UITableViewCells */,
			);
			path = Views;
			sourceTree = "<group>";
		};
		2E36DBEE18ED0C64001A85DF /* UITableViewCells */ = {
			isa = PBXGroup;
			children = (
				2E36DBEF18ED0C64001A85DF /* ILDDogViewCell.h */,
				2E36DBF018ED0C64001A85DF /* ILDDogViewCell.m */,
				2E36DBF118ED0C64001A85DF /* ILDDogViewCell.xib */,
			);
			path = UITableViewCells;
			sourceTree = "<group>";
		};
		2E36DBF418ED45D7001A85DF /* Explore */ = {
			isa = PBXGroup;
			children = (
				2E36DBF918ED4684001A85DF /* ILDExploreRootViewController.h */,
				2E36DBFA18ED4684001A85DF /* ILDExploreRootViewController.m */,
				2E36DBFB18ED4684001A85DF /* ILDExploreRootViewController.xib */,
			);
			path = Explore;
			sourceTree = "<group>";
		};
		2E36DBF518ED45E1001A85DF /* Notificaion */ = {
			isa = PBXGroup;
			children = (
				2E36DC0118ED479C001A85DF /* ILDNotificaionRootViewController.h */,
				2E36DC0218ED479C001A85DF /* ILDNotificaionRootViewController.m */,
				2E36DC0318ED479C001A85DF /* ILDNotificaionRootViewController.xib */,
			);
			path = Notificaion;
			sourceTree = "<group>";
		};
		2E36DC2118ED6A0E001A85DF /* Login */ = {
			isa = PBXGroup;
			children = (
				2E3BE5F118EE4CD8001E4EAA /* background_login.png */,
				2E3BE5F018EE4CD8001E4EAA /* background_login@2x.png */,
				2E36DC2A18ED6A5A001A85DF /* bt_facebook_normal.png */,
				2E36DC2B18ED6A5A001A85DF /* bt_facebook_normal@2x.png */,
				2E36DC2C18ED6A5A001A85DF /* bt_facebook_onpress.png */,
				2E36DC2D18ED6A5A001A85DF /* bt_facebook_onpress@2x.png */,
			);
			path = Login;
			sourceTree = "<group>";
		};
		2E3BE5E618EE414D001E4EAA /* Login */ = {
			isa = PBXGroup;
			children = (
				2E3BE5E718EE414D001E4EAA /* ILDLoginViewController.h */,
				2E3BE5E818EE414D001E4EAA /* ILDLoginViewController.m */,
				2E3BE5E918EE414D001E4EAA /* ILDLoginViewController.xib */,
			);
			path = Login;
			sourceTree = "<group>";
		};
		2E3BE5F418EE5378001E4EAA /* Splash */ = {
			isa = PBXGroup;
			children = (
				2E3BE5F518EE5393001E4EAA /* Default-568h@2x.png */,
				2E3BE5F618EE5393001E4EAA /* Default.png */,
				2E3BE5F718EE5393001E4EAA /* Default@2x.png */,
			);
			path = Splash;
			sourceTree = "<group>";
		};
		2E3BE5FB18EE689D001E4EAA /* Logo */ = {
			isa = PBXGroup;
			children = (
				2E3BE5FC18EE689D001E4EAA /* AppIcon57x57.png */,
				2E3BE5FD18EE689D001E4EAA /* AppIcon57x57@2x.png */,
				2E3BE5FE18EE689D001E4EAA /* AppIcon60x60@2x.png */,
			);
			path = Logo;
			sourceTree = "<group>";
		};
		2E3BE60618EEC691001E4EAA /* Root */ = {
			isa = PBXGroup;
			children = (
				2E3BE60718EEC6A1001E4EAA /* ILDRootViewController.h */,
				2E3BE60818EEC6A1001E4EAA /* ILDRootViewController.m */,
			);
			path = Root;
			sourceTree = "<group>";
		};
		2E65617818EBB252000CF4DA = {
			isa = PBXGroup;
			children = (
				2E65618A18EBB253000CF4DA /* ILoveDog */,
				2E6561A918EBB253000CF4DA /* ILoveDogTests */,
				2E65618318EBB253000CF4DA /* Frameworks */,
				2E65618218EBB253000CF4DA /* Products */,
				44F4F2344EA341C79C44C9AE /* Pods.xcconfig */,
			);
			sourceTree = "<group>";
		};
		2E65618218EBB253000CF4DA /* Products */ = {
			isa = PBXGroup;
			children = (
				2E65618118EBB253000CF4DA /* ILoveDogs.app */,
				2E6561A218EBB253000CF4DA /* ILoveDogTests.xctest */,
			);
			name = Products;
			sourceTree = "<group>";
		};
		2E65618318EBB253000CF4DA /* Frameworks */ = {
			isa = PBXGroup;
			children = (
				2E36DC0E18ED4CFB001A85DF /* libz.dylib */,
				2E65618418EBB253000CF4DA /* Foundation.framework */,
				2E65618818EBB253000CF4DA /* UIKit.framework */,
				2E6561A318EBB253000CF4DA /* XCTest.framework */,
				853A739FA735453095AFB856 /* libPods.a */,
			);
			name = Frameworks;
			sourceTree = "<group>";
		};
		2E65618A18EBB253000CF4DA /* ILoveDog */ = {
			isa = PBXGroup;
			children = (
				2E65619318EBB253000CF4DA /* ILDAppDelegate.h */,
				2E65619418EBB253000CF4DA /* ILDAppDelegate.m */,
				2E6561B918EBB2CE000CF4DA /* Models */,
				2E36DBED18ED0C64001A85DF /* Views */,
				2E6561BC18EBB2E5000CF4DA /* Controllers */,
				2E6561BD18EBB2EE000CF4DA /* Managers */,
				2E230C2E18F3A191006C509F /* Categories */,
				2E6561C118EBB3C5000CF4DA /* Resources */,
				2E65619C18EBB253000CF4DA /* Images.xcassets */,
				2E65618B18EBB253000CF4DA /* Supporting Files */,
			);
			path = ILoveDog;
			sourceTree = "<group>";
		};
		2E65618B18EBB253000CF4DA /* Supporting Files */ = {
			isa = PBXGroup;
			children = (
				2E65618C18EBB253000CF4DA /* ILoveDog-Info.plist */,
				2E65618D18EBB253000CF4DA /* InfoPlist.strings */,
				2E65619018EBB253000CF4DA /* main.m */,
				2E65619218EBB253000CF4DA /* ILoveDog-Prefix.pch */,
			);
			name = "Supporting Files";
			sourceTree = "<group>";
		};
		2E6561A918EBB253000CF4DA /* ILoveDogTests */ = {
			isa = PBXGroup;
			children = (
				2E6561AF18EBB253000CF4DA /* ILoveDogTests.m */,
				2E6561AA18EBB253000CF4DA /* Supporting Files */,
			);
			path = ILoveDogTests;
			sourceTree = "<group>";
		};
		2E6561AA18EBB253000CF4DA /* Supporting Files */ = {
			isa = PBXGroup;
			children = (
				2E6561AB18EBB253000CF4DA /* ILoveDogTests-Info.plist */,
				2E6561AC18EBB253000CF4DA /* InfoPlist.strings */,
			);
			name = "Supporting Files";
			sourceTree = "<group>";
		};
		2E6561B918EBB2CE000CF4DA /* Models */ = {
			isa = PBXGroup;
			children = (
				2E6561C518EBB4B1000CF4DA /* SuperClass */,
			);
			path = Models;
			sourceTree = "<group>";
		};
		2E6561BC18EBB2E5000CF4DA /* Controllers */ = {
			isa = PBXGroup;
			children = (
				2E6561BE18EBB369000CF4DA /* TemplateClass */,
				2E6561DB18EBBCAE000CF4DA /* Profile */,
				2E36DBF518ED45E1001A85DF /* Notificaion */,
				2E28DFC818F2CAC9005841AF /* Photo */,
				2E36DBF418ED45D7001A85DF /* Explore */,
				2E6561C818EBB584000CF4DA /* Home */,
				2E3BE5E618EE414D001E4EAA /* Login */,
				2E3BE60618EEC691001E4EAA /* Root */,
				2E6561C718EBB524000CF4DA /* Tutorial */,
			);
			path = Controllers;
			sourceTree = "<group>";
		};
		2E6561BD18EBB2EE000CF4DA /* Managers */ = {
			isa = PBXGroup;
			children = (
				2E6561BF18EBB38C000CF4DA /* SuperClass */,
			);
			path = Managers;
			sourceTree = "<group>";
		};
		2E6561BE18EBB369000CF4DA /* TemplateClass */ = {
			isa = PBXGroup;
			children = (
				2E6561D718EBB90B000CF4DA /* BaseViewController.h */,
				2E6561D818EBB90B000CF4DA /* BaseViewController.m */,
				2E36DBDB18ECEDF9001A85DF /* BaseTableViewCell.h */,
				2E36DBDC18ECEDF9001A85DF /* BaseTableViewCell.m */,
			);
			path = TemplateClass;
			sourceTree = "<group>";
		};
		2E6561BF18EBB38C000CF4DA /* SuperClass */ = {
			isa = PBXGroup;
			children = (
			);
			path = SuperClass;
			sourceTree = "<group>";
		};
		2E6561C118EBB3C5000CF4DA /* Resources */ = {
			isa = PBXGroup;
			children = (
				2E6561C318EBB3E1000CF4DA /* Images */,
				2E6561C218EBB3E1000CF4DA /* Fonts */,
			);
			path = Resources;
			sourceTree = "<group>";
		};
		2E6561C218EBB3E1000CF4DA /* Fonts */ = {
			isa = PBXGroup;
			children = (
			);
			path = Fonts;
			sourceTree = "<group>";
		};
		2E6561C318EBB3E1000CF4DA /* Images */ = {
			isa = PBXGroup;
			children = (
				2E36DC2118ED6A0E001A85DF /* Login */,
				2E36DBE418ECFAAA001A85DF /* Home */,
				2E6561EC18EBC669000CF4DA /* Main */,
				2E3BE5F418EE5378001E4EAA /* Splash */,
				2E3BE5FB18EE689D001E4EAA /* Logo */,
			);
			path = Images;
			sourceTree = "<group>";
		};
		2E6561C518EBB4B1000CF4DA /* SuperClass */ = {
			isa = PBXGroup;
			children = (
			);
			path = SuperClass;
			sourceTree = "<group>";
		};
		2E6561C718EBB524000CF4DA /* Tutorial */ = {
			isa = PBXGroup;
			children = (
			);
			path = Tutorial;
			sourceTree = "<group>";
		};
		2E6561C818EBB584000CF4DA /* Home */ = {
			isa = PBXGroup;
			children = (
				2E6561D218EBB7C5000CF4DA /* ILDHomeRootViewController.h */,
				2E6561D318EBB7C5000CF4DA /* ILDHomeRootViewController.m */,
				2E6561D418EBB7C5000CF4DA /* ILDHomeRootViewController.xib */,
				E5C1133B18EC5CAA0084E3F9 /* ILDListLikersViewController.h */,
				E5C1133C18EC5CAA0084E3F9 /* ILDListLikersViewController.m */,
				E5C1133D18EC5CAA0084E3F9 /* ILDListLikersViewController.xib */,
			);
			path = Home;
			sourceTree = "<group>";
		};
		2E6561DB18EBBCAE000CF4DA /* Profile */ = {
			isa = PBXGroup;
			children = (
				2E6561E718EBBE2E000CF4DA /* ILDProfileRootViewController.h */,
				2E6561E818EBBE2E000CF4DA /* ILDProfileRootViewController.m */,
				E5C1132B18EC462B0084E3F9 /* ILDProfileRootViewController.xib */,
			);
			path = Profile;
			sourceTree = "<group>";
		};
		2E6561EC18EBC669000CF4DA /* Main */ = {
			isa = PBXGroup;
			children = (
				2E65624C18EC1D1C000CF4DA /* navi_bar_full.png */,
				2E65623D18EC19F2000CF4DA /* post_tabbar.png */,
				2E65623E18EC19F2000CF4DA /* post_tabbar@2x.png */,
				2E65623F18EC19F2000CF4DA /* home_tabbar_active.png */,
				2E65624018EC19F2000CF4DA /* home_tabbar_active@2x.png */,
				2E65624118EC19F2000CF4DA /* home_tabbar.png */,
				2E65623C18EC19F2000CF4DA /* home_tabbar@2x.png */,
				2E65624818EC1BC4000CF4DA /* tabbar.png */,
				2E65624918EC1BC4000CF4DA /* tabbar@2x.png */,
			);
			path = Main;
			sourceTree = "<group>";
		};
/* End PBXGroup section */

/* Begin PBXNativeTarget section */
		2E65618018EBB253000CF4DA /* ILoveDog */ = {
			isa = PBXNativeTarget;
			buildConfigurationList = 2E6561B318EBB253000CF4DA /* Build configuration list for PBXNativeTarget "ILoveDog" */;
			buildPhases = (
				886664F662FC4335AC5A1251 /* Check Pods Manifest.lock */,
				2E65617D18EBB253000CF4DA /* Sources */,
				2E65617E18EBB253000CF4DA /* Frameworks */,
				2E65617F18EBB253000CF4DA /* Resources */,
				4B8394971AC340FB8B9ECBDC /* Copy Pods Resources */,
			);
			buildRules = (
			);
			dependencies = (
			);
			name = ILoveDog;
			productName = ILoveDog;
			productReference = 2E65618118EBB253000CF4DA /* ILoveDogs.app */;
			productType = "com.apple.product-type.application";
		};
		2E6561A118EBB253000CF4DA /* ILoveDogTests */ = {
			isa = PBXNativeTarget;
			buildConfigurationList = 2E6561B618EBB253000CF4DA /* Build configuration list for PBXNativeTarget "ILoveDogTests" */;
			buildPhases = (
				2E65619E18EBB253000CF4DA /* Sources */,
				2E65619F18EBB253000CF4DA /* Frameworks */,
				2E6561A018EBB253000CF4DA /* Resources */,
			);
			buildRules = (
			);
			dependencies = (
				2E6561A818EBB253000CF4DA /* PBXTargetDependency */,
			);
			name = ILoveDogTests;
			productName = ILoveDogTests;
			productReference = 2E6561A218EBB253000CF4DA /* ILoveDogTests.xctest */;
			productType = "com.apple.product-type.bundle.unit-test";
		};
/* End PBXNativeTarget section */

/* Begin PBXProject section */
		2E65617918EBB252000CF4DA /* Project object */ = {
			isa = PBXProject;
			attributes = {
				CLASSPREFIX = ILD;
				LastUpgradeCheck = 0500;
				ORGANIZATIONNAME = "Kiet Nguyen";
				TargetAttributes = {
					2E6561A118EBB253000CF4DA = {
						TestTargetID = 2E65618018EBB253000CF4DA;
					};
				};
			};
			buildConfigurationList = 2E65617C18EBB252000CF4DA /* Build configuration list for PBXProject "ILoveDog" */;
			compatibilityVersion = "Xcode 3.2";
			developmentRegion = English;
			hasScannedForEncodings = 0;
			knownRegions = (
				en,
				Base,
			);
			mainGroup = 2E65617818EBB252000CF4DA;
			productRefGroup = 2E65618218EBB253000CF4DA /* Products */;
			projectDirPath = "";
			projectRoot = "";
			targets = (
				2E65618018EBB253000CF4DA /* ILoveDog */,
				2E6561A118EBB253000CF4DA /* ILoveDogTests */,
			);
		};
/* End PBXProject section */

/* Begin PBXResourcesBuildPhase section */
		2E65617F18EBB253000CF4DA /* Resources */ = {
			isa = PBXResourcesBuildPhase;
			buildActionMask = 2147483647;
			files = (
				2E3BE5F318EE4CD8001E4EAA /* background_login.png in Resources */,
				2E65624418EC19F2000CF4DA /* post_tabbar@2x.png in Resources */,
				2E36DBEC18ECFAF9001A85DF /* anonymousUser@2x.png in Resources */,
				2E3BE5F918EE5393001E4EAA /* Default.png in Resources */,
				2E65624A18EC1BC4000CF4DA /* tabbar.png in Resources */,
				2E36DC3118ED6A5A001A85DF /* bt_facebook_onpress@2x.png in Resources */,
				2E65619D18EBB253000CF4DA /* Images.xcassets in Resources */,
				2E3BE60018EE689D001E4EAA /* AppIcon57x57@2x.png in Resources */,
				2E65624218EC19F2000CF4DA /* home_tabbar@2x.png in Resources */,
				2E3BE60118EE689D001E4EAA /* AppIcon60x60@2x.png in Resources */,
				E5C1132C18EC462B0084E3F9 /* ILDProfileRootViewController.xib in Resources */,
				2E65624D18EC1D1C000CF4DA /* navi_bar_full.png in Resources */,
				2E36DC2F18ED6A5A001A85DF /* bt_facebook_normal@2x.png in Resources */,
				2E230C2B18F37A5B006C509F /* dog_photo.jpg in Resources */,
				2E3BE5F218EE4CD8001E4EAA /* background_login@2x.png in Resources */,
				2E65624618EC19F2000CF4DA /* home_tabbar_active@2x.png in Resources */,
				2E3BE5FA18EE5393001E4EAA /* Default@2x.png in Resources */,
				2E36DC3018ED6A5A001A85DF /* bt_facebook_onpress.png in Resources */,
				2E65624518EC19F2000CF4DA /* home_tabbar_active.png in Resources */,
				2E3BE5EB18EE414D001E4EAA /* ILDLoginViewController.xib in Resources */,
				2E36DC0518ED479C001A85DF /* ILDNotificaionRootViewController.xib in Resources */,
				2E65624B18EC1BC4000CF4DA /* tabbar@2x.png in Resources */,
				2E36DBF318ED0C64001A85DF /* ILDDogViewCell.xib in Resources */,
				2E36DBEB18ECFAF9001A85DF /* anonymousUser.png in Resources */,
				2E36DC2E18ED6A5A001A85DF /* bt_facebook_normal.png in Resources */,
				2E3BE5F818EE5393001E4EAA /* Default-568h@2x.png in Resources */,
				2E65624718EC19F2000CF4DA /* home_tabbar.png in Resources */,
				2E65618F18EBB253000CF4DA /* InfoPlist.strings in Resources */,
				2E3BE5FF18EE689D001E4EAA /* AppIcon57x57.png in Resources */,
				2E28DFCD18F2CAF3005841AF /* ILDPhotoWriteCaptionViewController.xib in Resources */,
				2E6561D618EBB7C5000CF4DA /* ILDHomeRootViewController.xib in Resources */,
				2E36DBFD18ED4684001A85DF /* ILDExploreRootViewController.xib in Resources */,
				2E65624318EC19F2000CF4DA /* post_tabbar.png in Resources */,
				E5C1133F18EC5CAA0084E3F9 /* ILDListLikersViewController.xib in Resources */,
			);
			runOnlyForDeploymentPostprocessing = 0;
		};
		2E6561A018EBB253000CF4DA /* Resources */ = {
			isa = PBXResourcesBuildPhase;
			buildActionMask = 2147483647;
			files = (
				2E6561AE18EBB253000CF4DA /* InfoPlist.strings in Resources */,
			);
			runOnlyForDeploymentPostprocessing = 0;
		};
/* End PBXResourcesBuildPhase section */

/* Begin PBXShellScriptBuildPhase section */
		4B8394971AC340FB8B9ECBDC /* Copy Pods Resources */ = {
			isa = PBXShellScriptBuildPhase;
			buildActionMask = 2147483647;
			files = (
			);
			inputPaths = (
			);
			name = "Copy Pods Resources";
			outputPaths = (
			);
			runOnlyForDeploymentPostprocessing = 0;
			shellPath = /bin/sh;
			shellScript = "\"${SRCROOT}/Pods/Pods-resources.sh\"\n";
			showEnvVarsInLog = 0;
		};
		886664F662FC4335AC5A1251 /* Check Pods Manifest.lock */ = {
			isa = PBXShellScriptBuildPhase;
			buildActionMask = 2147483647;
			files = (
			);
			inputPaths = (
			);
			name = "Check Pods Manifest.lock";
			outputPaths = (
			);
			runOnlyForDeploymentPostprocessing = 0;
			shellPath = /bin/sh;
			shellScript = "diff \"${PODS_ROOT}/../Podfile.lock\" \"${PODS_ROOT}/Manifest.lock\" > /dev/null\nif [[ $? != 0 ]] ; then\n    cat << EOM\nerror: The sandbox is not in sync with the Podfile.lock. Run 'pod install' or update your CocoaPods installation.\nEOM\n    exit 1\nfi\n";
			showEnvVarsInLog = 0;
		};
/* End PBXShellScriptBuildPhase section */

/* Begin PBXSourcesBuildPhase section */
		2E65617D18EBB253000CF4DA /* Sources */ = {
			isa = PBXSourcesBuildPhase;
			buildActionMask = 2147483647;
			files = (
				2E230C3718F3AA71006C509F /* UIImage+RoundedCornerAdditions.m in Sources */,
				2E3BE60918EEC6A1001E4EAA /* ILDRootViewController.m in Sources */,
				2E36DBFC18ED4684001A85DF /* ILDExploreRootViewController.m in Sources */,
				2E6561D918EBB90B000CF4DA /* BaseViewController.m in Sources */,
				2E3BE5EA18EE414D001E4EAA /* ILDLoginViewController.m in Sources */,
				2E65619518EBB253000CF4DA /* ILDAppDelegate.m in Sources */,
				2E230C3118F3A1A9006C509F /* UIImage+ResizeAdditions.m in Sources */,
				2E65619118EBB253000CF4DA /* main.m in Sources */,
				E5C1133E18EC5CAA0084E3F9 /* ILDListLikersViewController.m in Sources */,
				2E36DC0418ED479C001A85DF /* ILDNotificaionRootViewController.m in Sources */,
				2E230C3618F3AA71006C509F /* UIImage+AlphaAdditions.m in Sources */,
				2E28DFCC18F2CAF3005841AF /* ILDPhotoWriteCaptionViewController.m in Sources */,
				2E36DBF218ED0C64001A85DF /* ILDDogViewCell.m in Sources */,
				2E6561D518EBB7C5000CF4DA /* ILDHomeRootViewController.m in Sources */,
				2E6561EA18EBBE2E000CF4DA /* ILDProfileRootViewController.m in Sources */,
				2E36DBDD18ECEDF9001A85DF /* BaseTableViewCell.m in Sources */,
			);
			runOnlyForDeploymentPostprocessing = 0;
		};
		2E65619E18EBB253000CF4DA /* Sources */ = {
			isa = PBXSourcesBuildPhase;
			buildActionMask = 2147483647;
			files = (
				2E6561B018EBB253000CF4DA /* ILoveDogTests.m in Sources */,
			);
			runOnlyForDeploymentPostprocessing = 0;
		};
/* End PBXSourcesBuildPhase section */

/* Begin PBXTargetDependency section */
		2E6561A818EBB253000CF4DA /* PBXTargetDependency */ = {
			isa = PBXTargetDependency;
			target = 2E65618018EBB253000CF4DA /* ILoveDog */;
			targetProxy = 2E6561A718EBB253000CF4DA /* PBXContainerItemProxy */;
		};
/* End PBXTargetDependency section */

/* Begin PBXVariantGroup section */
		2E65618D18EBB253000CF4DA /* InfoPlist.strings */ = {
			isa = PBXVariantGroup;
			children = (
				2E65618E18EBB253000CF4DA /* en */,
			);
			name = InfoPlist.strings;
			sourceTree = "<group>";
		};
		2E6561AC18EBB253000CF4DA /* InfoPlist.strings */ = {
			isa = PBXVariantGroup;
			children = (
				2E6561AD18EBB253000CF4DA /* en */,
			);
			name = InfoPlist.strings;
			sourceTree = "<group>";
		};
/* End PBXVariantGroup section */

/* Begin XCBuildConfiguration section */
		2E6561B118EBB253000CF4DA /* Debug */ = {
			isa = XCBuildConfiguration;
			buildSettings = {
				ALWAYS_SEARCH_USER_PATHS = NO;
				ARCHS = "$(ARCHS_STANDARD_INCLUDING_64_BIT)";
				CLANG_CXX_LANGUAGE_STANDARD = "gnu++0x";
				CLANG_CXX_LIBRARY = "libc++";
				CLANG_ENABLE_MODULES = YES;
				CLANG_ENABLE_OBJC_ARC = YES;
				CLANG_WARN_BOOL_CONVERSION = YES;
				CLANG_WARN_CONSTANT_CONVERSION = YES;
				CLANG_WARN_DIRECT_OBJC_ISA_USAGE = YES_ERROR;
				CLANG_WARN_EMPTY_BODY = YES;
				CLANG_WARN_ENUM_CONVERSION = YES;
				CLANG_WARN_INT_CONVERSION = YES;
				CLANG_WARN_OBJC_ROOT_CLASS = YES_ERROR;
				CLANG_WARN__DUPLICATE_METHOD_MATCH = YES;
				"CODE_SIGN_IDENTITY[sdk=iphoneos*]" = "iPhone Developer";
				COPY_PHASE_STRIP = NO;
				GCC_C_LANGUAGE_STANDARD = gnu99;
				GCC_DYNAMIC_NO_PIC = NO;
				GCC_OPTIMIZATION_LEVEL = 0;
				GCC_PREPROCESSOR_DEFINITIONS = (
					"DEBUG=1",
					"$(inherited)",
				);
				GCC_SYMBOLS_PRIVATE_EXTERN = NO;
				GCC_WARN_64_TO_32_BIT_CONVERSION = YES;
				GCC_WARN_ABOUT_RETURN_TYPE = YES_ERROR;
				GCC_WARN_UNDECLARED_SELECTOR = YES;
				GCC_WARN_UNINITIALIZED_AUTOS = YES;
				GCC_WARN_UNUSED_FUNCTION = YES;
				GCC_WARN_UNUSED_VARIABLE = YES;
				IPHONEOS_DEPLOYMENT_TARGET = 7.0;
				ONLY_ACTIVE_ARCH = YES;
				SDKROOT = iphoneos;
			};
			name = Debug;
		};
		2E6561B218EBB253000CF4DA /* Release */ = {
			isa = XCBuildConfiguration;
			buildSettings = {
				ALWAYS_SEARCH_USER_PATHS = NO;
				ARCHS = "$(ARCHS_STANDARD_INCLUDING_64_BIT)";
				CLANG_CXX_LANGUAGE_STANDARD = "gnu++0x";
				CLANG_CXX_LIBRARY = "libc++";
				CLANG_ENABLE_MODULES = YES;
				CLANG_ENABLE_OBJC_ARC = YES;
				CLANG_WARN_BOOL_CONVERSION = YES;
				CLANG_WARN_CONSTANT_CONVERSION = YES;
				CLANG_WARN_DIRECT_OBJC_ISA_USAGE = YES_ERROR;
				CLANG_WARN_EMPTY_BODY = YES;
				CLANG_WARN_ENUM_CONVERSION = YES;
				CLANG_WARN_INT_CONVERSION = YES;
				CLANG_WARN_OBJC_ROOT_CLASS = YES_ERROR;
				CLANG_WARN__DUPLICATE_METHOD_MATCH = YES;
				"CODE_SIGN_IDENTITY[sdk=iphoneos*]" = "iPhone Developer";
				COPY_PHASE_STRIP = YES;
				ENABLE_NS_ASSERTIONS = NO;
				GCC_C_LANGUAGE_STANDARD = gnu99;
				GCC_WARN_64_TO_32_BIT_CONVERSION = YES;
				GCC_WARN_ABOUT_RETURN_TYPE = YES_ERROR;
				GCC_WARN_UNDECLARED_SELECTOR = YES;
				GCC_WARN_UNINITIALIZED_AUTOS = YES;
				GCC_WARN_UNUSED_FUNCTION = YES;
				GCC_WARN_UNUSED_VARIABLE = YES;
				IPHONEOS_DEPLOYMENT_TARGET = 7.0;
				SDKROOT = iphoneos;
				VALIDATE_PRODUCT = YES;
			};
			name = Release;
		};
		2E6561B418EBB253000CF4DA /* Debug */ = {
			isa = XCBuildConfiguration;
			baseConfigurationReference = 44F4F2344EA341C79C44C9AE /* Pods.xcconfig */;
			buildSettings = {
				FRAMEWORK_SEARCH_PATHS = (
					"$(inherited)",
					"/Users/kietnguyen/Desktop/ilovedog/**",
				);
				GCC_PRECOMPILE_PREFIX_HEADER = YES;
				GCC_PREFIX_HEADER = "ILoveDog/ILoveDog-Prefix.pch";
				INFOPLIST_FILE = "ILoveDog/ILoveDog-Info.plist";
				PRODUCT_NAME = ILoveDogs;
				WRAPPER_EXTENSION = app;
			};
			name = Debug;
		};
		2E6561B518EBB253000CF4DA /* Release */ = {
			isa = XCBuildConfiguration;
			baseConfigurationReference = 44F4F2344EA341C79C44C9AE /* Pods.xcconfig */;
			buildSettings = {
				FRAMEWORK_SEARCH_PATHS = (
					"$(inherited)",
					"/Users/kietnguyen/Desktop/ilovedog/**",
				);
				GCC_PRECOMPILE_PREFIX_HEADER = YES;
				GCC_PREFIX_HEADER = "ILoveDog/ILoveDog-Prefix.pch";
				INFOPLIST_FILE = "ILoveDog/ILoveDog-Info.plist";
				PRODUCT_NAME = ILoveDogs;
				WRAPPER_EXTENSION = app;
			};
			name = Release;
		};
		2E6561B718EBB253000CF4DA /* Debug */ = {
			isa = XCBuildConfiguration;
			buildSettings = {
				ARCHS = "$(ARCHS_STANDARD_INCLUDING_64_BIT)";
				BUNDLE_LOADER = "$(BUILT_PRODUCTS_DIR)/ILoveDog.app/ILoveDog";
				FRAMEWORK_SEARCH_PATHS = (
					"$(SDKROOT)/Developer/Library/Frameworks",
					"$(inherited)",
					"$(DEVELOPER_FRAMEWORKS_DIR)",
				);
				GCC_PRECOMPILE_PREFIX_HEADER = YES;
				GCC_PREFIX_HEADER = "ILoveDog/ILoveDog-Prefix.pch";
				GCC_PREPROCESSOR_DEFINITIONS = (
					"DEBUG=1",
					"$(inherited)",
				);
				INFOPLIST_FILE = "ILoveDogTests/ILoveDogTests-Info.plist";
				PRODUCT_NAME = "$(TARGET_NAME)";
				TEST_HOST = "$(BUNDLE_LOADER)";
				WRAPPER_EXTENSION = xctest;
			};
			name = Debug;
		};
		2E6561B818EBB253000CF4DA /* Release */ = {
			isa = XCBuildConfiguration;
			buildSettings = {
				ARCHS = "$(ARCHS_STANDARD_INCLUDING_64_BIT)";
				BUNDLE_LOADER = "$(BUILT_PRODUCTS_DIR)/ILoveDog.app/ILoveDog";
				FRAMEWORK_SEARCH_PATHS = (
					"$(SDKROOT)/Developer/Library/Frameworks",
					"$(inherited)",
					"$(DEVELOPER_FRAMEWORKS_DIR)",
				);
				GCC_PRECOMPILE_PREFIX_HEADER = YES;
				GCC_PREFIX_HEADER = "ILoveDog/ILoveDog-Prefix.pch";
				INFOPLIST_FILE = "ILoveDogTests/ILoveDogTests-Info.plist";
				PRODUCT_NAME = "$(TARGET_NAME)";
				TEST_HOST = "$(BUNDLE_LOADER)";
				WRAPPER_EXTENSION = xctest;
			};
			name = Release;
		};
/* End XCBuildConfiguration section */

/* Begin XCConfigurationList section */
		2E65617C18EBB252000CF4DA /* Build configuration list for PBXProject "ILoveDog" */ = {
			isa = XCConfigurationList;
			buildConfigurations = (
				2E6561B118EBB253000CF4DA /* Debug */,
				2E6561B218EBB253000CF4DA /* Release */,
			);
			defaultConfigurationIsVisible = 0;
			defaultConfigurationName = Release;
		};
		2E6561B318EBB253000CF4DA /* Build configuration list for PBXNativeTarget "ILoveDog" */ = {
			isa = XCConfigurationList;
			buildConfigurations = (
				2E6561B418EBB253000CF4DA /* Debug */,
				2E6561B518EBB253000CF4DA /* Release */,
			);
			defaultConfigurationIsVisible = 0;
			defaultConfigurationName = Release;
		};
		2E6561B618EBB253000CF4DA /* Build configuration list for PBXNativeTarget "ILoveDogTests" */ = {
			isa = XCConfigurationList;
			buildConfigurations = (
				2E6561B718EBB253000CF4DA /* Debug */,
				2E6561B818EBB253000CF4DA /* Release */,
			);
			defaultConfigurationIsVisible = 0;
			defaultConfigurationName = Release;
		};
/* End XCConfigurationList section */
	};
	rootObject = 2E65617918EBB252000CF4DA /* Project object */;
}
